
Microsoft Visual Studio Solution File, Format Version 12.00
# Visual Studio Version 16
VisualStudioVersion = 16.0.31025.194
MinimumVisualStudioVersion = 10.0.40219.1
Project("{8BC9CEB8-8B4A-11D0-8D11-00A0C91BC942}") = "MathComb", "MathComb\MathComb.vcxproj", "{F6E64E0B-BDE7-4384-834E-23E8A025A221}"
EndProject
Global
	GlobalSection(SolutionConfigurationPlatforms) = preSolution
		Debug|x64 = Debug|x64
		Debug|x86 = Debug|x86
		Release|x64 = Release|x64
		Release|x86 = Release|x86
	EndGlobalSection
	GlobalSection(ProjectConfigurationPlatforms) = postSolution
		{F6E64E0B-BDE7-4384-834E-23E8A025A221}.Debug|x64.ActiveCfg = Debug|x64
		{F6E64E0B-BDE7-4384-834E-23E8A025A221}.Debug|x64.Build.0 = Debug|x64
		{F6E64E0B-BDE7-4384-834E-23E8A025A221}.Debug|x86.ActiveCfg = Debug|Win32
		{F6E64E0B-BDE7-4384-834E-23E8A025A221}.Debug|x86.Build.0 = Debug|Win32
		{F6E64E0B-BDE7-4384-834E-23E8A025A221}.Release|x64.ActiveCfg = Release|x64
		{F6E64E0B-BDE7-4384-834E-23E8A025A221}.Release|x64.Build.0 = Release|x64
		{F6E64E0B-BDE7-4384-834E-23E8A025A221}.Release|x86.ActiveCfg = Release|Win32
		{F6E64E0B-BDE7-4384-834E-23E8A025A221}.Release|x86.Build.0 = Release|Win32
	EndGlobalSection
	GlobalSection(SolutionProperties) = preSolution
		HideSolutionNode = FALSE
	EndGlobalSection
	GlobalSection(ExtensibilityGlobals) = postSolution
		SolutionGuid = {681CB05F-3903-4ED8-BA3C-05FCA1917215}
	EndGlobalSection
EndGlobal
